
Microsoft Visual Studio Solution File, Format Version 12.00
# Visual Studio 15
VisualStudioVersion = 15.0.28010.2041
MinimumVisualStudioVersion = 10.0.40219.1
Project("{FAE04EC0-301F-11D3-BF4B-00C04F79EFBC}") = "SmartShopping.Android", "SmartShopping\SmartShopping.Android\SmartShopping.Android.csproj", "{4ACE33D2-0DB4-4DDD-9377-8AF08B4A769C}"
EndProject
Project("{FAE04EC0-301F-11D3-BF4B-00C04F79EFBC}") = "SmartShopping.iOS", "SmartShopping\SmartShopping.iOS\SmartShopping.iOS.csproj", "{C6E0EF88-F1C5-47D9-95CE-B6B21F6F958F}"
EndProject
Project("{FAE04EC0-301F-11D3-BF4B-00C04F79EFBC}") = "SmartShopping", "SmartShopping\SmartShopping\SmartShopping.csproj", "{CED9DC90-D8EA-406C-BF93-F14E6C29A739}"
EndProject
Global
	GlobalSection(SolutionConfigurationPlatforms) = preSolution
		Ad-Hoc|Any CPU = Ad-Hoc|Any CPU
		Ad-Hoc|iPhone = Ad-Hoc|iPhone
		Ad-Hoc|iPhoneSimulator = Ad-Hoc|iPhoneSimulator
		AppStore|Any CPU = AppStore|Any CPU
		AppStore|iPhone = AppStore|iPhone
		AppStore|iPhoneSimulator = AppStore|iPhoneSimulator
		Debug|Any CPU = Debug|Any CPU
		Debug|iPhone = Debug|iPhone
		Debug|iPhoneSimulator = Debug|iPhoneSimulator
		Release|Any CPU = Release|Any CPU
		Release|iPhone = Release|iPhone
		Release|iPhoneSimulator = Release|iPhoneSimulator
	EndGlobalSection
	GlobalSection(ProjectConfigurationPlatforms) = postSolution
		{4ACE33D2-0DB4-4DDD-9377-8AF08B4A769C}.Ad-Hoc|Any CPU.ActiveCfg = Release|Any CPU
		{4ACE33D2-0DB4-4DDD-9377-8AF08B4A769C}.Ad-Hoc|Any CPU.Build.0 = Release|Any CPU
		{4ACE33D2-0DB4-4DDD-9377-8AF08B4A769C}.Ad-Hoc|Any CPU.Deploy.0 = Release|Any CPU
		{4ACE33D2-0DB4-4DDD-9377-8AF08B4A769C}.Ad-Hoc|iPhone.ActiveCfg = Release|Any CPU
		{4ACE33D2-0DB4-4DDD-9377-8AF08B4A769C}.Ad-Hoc|iPhone.Build.0 = Release|Any CPU
		{4ACE33D2-0DB4-4DDD-9377-8AF08B4A769C}.Ad-Hoc|iPhone.Deploy.0 = Release|Any CPU
		{4ACE33D2-0DB4-4DDD-9377-8AF08B4A769C}.Ad-Hoc|iPhoneSimulator.ActiveCfg = Release|Any CPU
		{4ACE33D2-0DB4-4DDD-9377-8AF08B4A769C}.Ad-Hoc|iPhoneSimulator.Build.0 = Release|Any CPU
		{4ACE33D2-0DB4-4DDD-9377-8AF08B4A769C}.Ad-Hoc|iPhoneSimulator.Deploy.0 = Release|Any CPU
		{4ACE33D2-0DB4-4DDD-9377-8AF08B4A769C}.AppStore|Any CPU.ActiveCfg = Release|Any CPU
		{4ACE33D2-0DB4-4DDD-9377-8AF08B4A769C}.AppStore|Any CPU.Build.0 = Release|Any CPU
		{4ACE33D2-0DB4-4DDD-9377-8AF08B4A769C}.AppStore|Any CPU.Deploy.0 = Release|Any CPU
		{4ACE33D2-0DB4-4DDD-9377-8AF08B4A769C}.AppStore|iPhone.ActiveCfg = Release|Any CPU
		{4ACE33D2-0DB4-4DDD-9377-8AF08B4A769C}.AppStore|iPhone.Build.0 = Release|Any CPU
		{4ACE33D2-0DB4-4DDD-9377-8AF08B4A769C}.AppStore|iPhone.Deploy.0 = Release|Any CPU
		{4ACE33D2-0DB4-4DDD-9377-8AF08B4A769C}.AppStore|iPhoneSimulator.ActiveCfg = Release|Any CPU
		{4ACE33D2-0DB4-4DDD-9377-8AF08B4A769C}.AppStore|iPhoneSimulator.Build.0 = Release|Any CPU
		{4ACE33D2-0DB4-4DDD-9377-8AF08B4A769C}.AppStore|iPhoneSimulator.Deploy.0 = Release|Any CPU
		{4ACE33D2-0DB4-4DDD-9377-8AF08B4A769C}.Debug|Any CPU.ActiveCfg = Debug|Any CPU
		{4ACE33D2-0DB4-4DDD-9377-8AF08B4A769C}.Debug|Any CPU.Build.0 = Debug|Any CPU
		{4ACE33D2-0DB4-4DDD-9377-8AF08B4A769C}.Debug|Any CPU.Deploy.0 = Debug|Any CPU
		{4ACE33D2-0DB4-4DDD-9377-8AF08B4A769C}.Debug|iPhone.ActiveCfg = Debug|Any CPU
		{4ACE33D2-0DB4-4DDD-9377-8AF08B4A769C}.Debug|iPhone.Build.0 = Debug|Any CPU
		{4ACE33D2-0DB4-4DDD-9377-8AF08B4A769C}.Debug|iPhone.Deploy.0 = Debug|Any CPU
		{4ACE33D2-0DB4-4DDD-9377-8AF08B4A769C}.Debug|iPhoneSimulator.ActiveCfg = Debug|Any CPU
		{4ACE33D2-0DB4-4DDD-9377-8AF08B4A769C}.Debug|iPhoneSimulator.Build.0 = Debug|Any CPU
		{4ACE33D2-0DB4-4DDD-9377-8AF08B4A769C}.Debug|iPhoneSimulator.Deploy.0 = Debug|Any CPU
		{4ACE33D2-0DB4-4DDD-9377-8AF08B4A769C}.Release|Any CPU.ActiveCfg = Release|Any CPU
		{4ACE33D2-0DB4-4DDD-9377-8AF08B4A769C}.Release|Any CPU.Build.0 = Release|Any CPU
		{4ACE33D2-0DB4-4DDD-9377-8AF08B4A769C}.Release|Any CPU.Deploy.0 = Release|Any CPU
		{4ACE33D2-0DB4-4DDD-9377-8AF08B4A769C}.Release|iPhone.ActiveCfg = Release|Any CPU
		{4ACE33D2-0DB4-4DDD-9377-8AF08B4A769C}.Release|iPhone.Build.0 = Release|Any CPU
		{4ACE33D2-0DB4-4DDD-9377-8AF08B4A769C}.Release|iPhone.Deploy.0 = Release|Any CPU
		{4ACE33D2-0DB4-4DDD-9377-8AF08B4A769C}.Release|iPhoneSimulator.ActiveCfg = Release|Any CPU
		{4ACE33D2-0DB4-4DDD-9377-8AF08B4A769C}.Release|iPhoneSimulator.Build.0 = Release|Any CPU
		{4ACE33D2-0DB4-4DDD-9377-8AF08B4A769C}.Release|iPhoneSimulator.Deploy.0 = Release|Any CPU
		{C6E0EF88-F1C5-47D9-95CE-B6B21F6F958F}.Ad-Hoc|Any CPU.ActiveCfg = Ad-Hoc|iPhone
		{C6E0EF88-F1C5-47D9-95CE-B6B21F6F958F}.Ad-Hoc|Any CPU.Build.0 = Ad-Hoc|iPhone
		{C6E0EF88-F1C5-47D9-95CE-B6B21F6F958F}.Ad-Hoc|Any CPU.Deploy.0 = Ad-Hoc|iPhone
		{C6E0EF88-F1C5-47D9-95CE-B6B21F6F958F}.Ad-Hoc|iPhone.ActiveCfg = Ad-Hoc|iPhone
		{C6E0EF88-F1C5-47D9-95CE-B6B21F6F958F}.Ad-Hoc|iPhone.Build.0 = Ad-Hoc|iPhone
		{C6E0EF88-F1C5-47D9-95CE-B6B21F6F958F}.Ad-Hoc|iPhone.Deploy.0 = Ad-Hoc|iPhone
		{C6E0EF88-F1C5-47D9-95CE-B6B21F6F958F}.Ad-Hoc|iPhoneSimulator.ActiveCfg = Ad-Hoc|iPhoneSimulator
		{C6E0EF88-F1C5-47D9-95CE-B6B21F6F958F}.Ad-Hoc|iPhoneSimulator.Build.0 = Ad-Hoc|iPhoneSimulator
		{C6E0EF88-F1C5-47D9-95CE-B6B21F6F958F}.Ad-Hoc|iPhoneSimulator.Deploy.0 = Ad-Hoc|iPhoneSimulator
		{C6E0EF88-F1C5-47D9-95CE-B6B21F6F958F}.AppStore|Any CPU.ActiveCfg = AppStore|iPhone
		{C6E0EF88-F1C5-47D9-95CE-B6B21F6F958F}.AppStore|Any CPU.Build.0 = AppStore|iPhone
		{C6E0EF88-F1C5-47D9-95CE-B6B21F6F958F}.AppStore|Any CPU.Deploy.0 = AppStore|iPhone
		{C6E0EF88-F1C5-47D9-95CE-B6B21F6F958F}.AppStore|iPhone.ActiveCfg = AppStore|iPhone
		{C6E0EF88-F1C5-47D9-95CE-B6B21F6F958F}.AppStore|iPhone.Build.0 = AppStore|iPhone
		{C6E0EF88-F1C5-47D9-95CE-B6B21F6F958F}.AppStore|iPhone.Deploy.0 = AppStore|iPhone
		{C6E0EF88-F1C5-47D9-95CE-B6B21F6F958F}.AppStore|iPhoneSimulator.ActiveCfg = AppStore|iPhoneSimulator
		{C6E0EF88-F1C5-47D9-95CE-B6B21F6F958F}.AppStore|iPhoneSimulator.Build.0 = AppStore|iPhoneSimulator
		{C6E0EF88-F1C5-47D9-95CE-B6B21F6F958F}.AppStore|iPhoneSimulator.Deploy.0 = AppStore|iPhoneSimulator
		{C6E0EF88-F1C5-47D9-95CE-B6B21F6F958F}.Debug|Any CPU.ActiveCfg = Debug|iPhoneSimulator
		{C6E0EF88-F1C5-47D9-95CE-B6B21F6F958F}.Debug|Any CPU.Build.0 = Debug|iPhoneSimulator
		{C6E0EF88-F1C5-47D9-95CE-B6B21F6F958F}.Debug|Any CPU.Deploy.0 = Debug|iPhoneSimulator
		{C6E0EF88-F1C5-47D9-95CE-B6B21F6F958F}.Debug|iPhone.ActiveCfg = Debug|iPhone
		{C6E0EF88-F1C5-47D9-95CE-B6B21F6F958F}.Debug|iPhone.Build.0 = Debug|iPhone
		{C6E0EF88-F1C5-47D9-95CE-B6B21F6F958F}.Debug|iPhone.Deploy.0 = Debug|iPhone
		{C6E0EF88-F1C5-47D9-95CE-B6B21F6F958F}.Debug|iPhoneSimulator.ActiveCfg = Debug|iPhoneSimulator
		{C6E0EF88-F1C5-47D9-95CE-B6B21F6F958F}.Debug|iPhoneSimulator.Build.0 = Debug|iPhoneSimulator
		{C6E0EF88-F1C5-47D9-95CE-B6B21F6F958F}.Debug|iPhoneSimulator.Deploy.0 = Debug|iPhoneSimulator
		{C6E0EF88-F1C5-47D9-95CE-B6B21F6F958F}.Release|Any CPU.ActiveCfg = Release|iPhone
		{C6E0EF88-F1C5-47D9-95CE-B6B21F6F958F}.Release|Any CPU.Build.0 = Release|iPhone
		{C6E0EF88-F1C5-47D9-95CE-B6B21F6F958F}.Release|Any CPU.Deploy.0 = Release|iPhone
		{C6E0EF88-F1C5-47D9-95CE-B6B21F6F958F}.Release|iPhone.ActiveCfg = Release|iPhone
		{C6E0EF88-F1C5-47D9-95CE-B6B21F6F958F}.Release|iPhone.Build.0 = Release|iPhone
		{C6E0EF88-F1C5-47D9-95CE-B6B21F6F958F}.Release|iPhone.Deploy.0 = Release|iPhone
		{C6E0EF88-F1C5-47D9-95CE-B6B21F6F958F}.Release|iPhoneSimulator.ActiveCfg = Release|iPhoneSimulator
		{C6E0EF88-F1C5-47D9-95CE-B6B21F6F958F}.Release|iPhoneSimulator.Build.0 = Release|iPhoneSimulator
		{C6E0EF88-F1C5-47D9-95CE-B6B21F6F958F}.Release|iPhoneSimulator.Deploy.0 = Release|iPhoneSimulator
		{CED9DC90-D8EA-406C-BF93-F14E6C29A739}.Ad-Hoc|Any CPU.ActiveCfg = Debug|Any CPU
		{CED9DC90-D8EA-406C-BF93-F14E6C29A739}.Ad-Hoc|Any CPU.Build.0 = Debug|Any CPU
		{CED9DC90-D8EA-406C-BF93-F14E6C29A739}.Ad-Hoc|Any CPU.Deploy.0 = Debug|Any CPU
		{CED9DC90-D8EA-406C-BF93-F14E6C29A739}.Ad-Hoc|iPhone.ActiveCfg = Debug|Any CPU
		{CED9DC90-D8EA-406C-BF93-F14E6C29A739}.Ad-Hoc|iPhone.Build.0 = Debug|Any CPU
		{CED9DC90-D8EA-406C-BF93-F14E6C29A739}.Ad-Hoc|iPhone.Deploy.0 = Debug|Any CPU
		{CED9DC90-D8EA-406C-BF93-F14E6C29A739}.Ad-Hoc|iPhoneSimulator.ActiveCfg = Debug|Any CPU
		{CED9DC90-D8EA-406C-BF93-F14E6C29A739}.Ad-Hoc|iPhoneSimulator.Build.0 = Debug|Any CPU
		{CED9DC90-D8EA-406C-BF93-F14E6C29A739}.Ad-Hoc|iPhoneSimulator.Deploy.0 = Debug|Any CPU
		{CED9DC90-D8EA-406C-BF93-F14E6C29A739}.AppStore|Any CPU.ActiveCfg = Debug|Any CPU
		{CED9DC90-D8EA-406C-BF93-F14E6C29A739}.AppStore|Any CPU.Build.0 = Debug|Any CPU
		{CED9DC90-D8EA-406C-BF93-F14E6C29A739}.AppStore|Any CPU.Deploy.0 = Debug|Any CPU
		{CED9DC90-D8EA-406C-BF93-F14E6C29A739}.AppStore|iPhone.ActiveCfg = Debug|Any CPU
		{CED9DC90-D8EA-406C-BF93-F14E6C29A739}.AppStore|iPhone.Build.0 = Debug|Any CPU
		{CED9DC90-D8EA-406C-BF93-F14E6C29A739}.AppStore|iPhone.Deploy.0 = Debug|Any CPU
		{CED9DC90-D8EA-406C-BF93-F14E6C29A739}.AppStore|iPhoneSimulator.ActiveCfg = Debug|Any CPU
		{CED9DC90-D8EA-406C-BF93-F14E6C29A739}.AppStore|iPhoneSimulator.Build.0 = Debug|Any CPU
		{CED9DC90-D8EA-406C-BF93-F14E6C29A739}.AppStore|iPhoneSimulator.Deploy.0 = Debug|Any CPU
		{CED9DC90-D8EA-406C-BF93-F14E6C29A739}.Debug|Any CPU.ActiveCfg = Debug|Any CPU
		{CED9DC90-D8EA-406C-BF93-F14E6C29A739}.Debug|Any CPU.Build.0 = Debug|Any CPU
		{CED9DC90-D8EA-406C-BF93-F14E6C29A739}.Debug|Any CPU.Deploy.0 = Debug|Any CPU
		{CED9DC90-D8EA-406C-BF93-F14E6C29A739}.Debug|iPhone.ActiveCfg = Debug|Any CPU
		{CED9DC90-D8EA-406C-BF93-F14E6C29A739}.Debug|iPhone.Build.0 = Debug|Any CPU
		{CED9DC90-D8EA-406C-BF93-F14E6C29A739}.Debug|iPhone.Deploy.0 = Debug|Any CPU
		{CED9DC90-D8EA-406C-BF93-F14E6C29A739}.Debug|iPhoneSimulator.ActiveCfg = Debug|Any CPU
		{CED9DC90-D8EA-406C-BF93-F14E6C29A739}.Debug|iPhoneSimulator.Build.0 = Debug|Any CPU
		{CED9DC90-D8EA-406C-BF93-F14E6C29A739}.Debug|iPhoneSimulator.Deploy.0 = Debug|Any CPU
		{CED9DC90-D8EA-406C-BF93-F14E6C29A739}.Release|Any CPU.ActiveCfg = Release|Any CPU
		{CED9DC90-D8EA-406C-BF93-F14E6C29A739}.Release|Any CPU.Build.0 = Release|Any CPU
		{CED9DC90-D8EA-406C-BF93-F14E6C29A739}.Release|Any CPU.Deploy.0 = Release|Any CPU
		{CED9DC90-D8EA-406C-BF93-F14E6C29A739}.Release|iPhone.ActiveCfg = Release|Any CPU
		{CED9DC90-D8EA-406C-BF93-F14E6C29A739}.Release|iPhone.Build.0 = Release|Any CPU
		{CED9DC90-D8EA-406C-BF93-F14E6C29A739}.Release|iPhone.Deploy.0 = Release|Any CPU
		{CED9DC90-D8EA-406C-BF93-F14E6C29A739}.Release|iPhoneSimulator.ActiveCfg = Release|Any CPU
		{CED9DC90-D8EA-406C-BF93-F14E6C29A739}.Release|iPhoneSimulator.Build.0 = Release|Any CPU
		{CED9DC90-D8EA-406C-BF93-F14E6C29A739}.Release|iPhoneSimulator.Deploy.0 = Release|Any CPU
	EndGlobalSection
	GlobalSection(SolutionProperties) = preSolution
		HideSolutionNode = FALSE
	EndGlobalSection
	GlobalSection(ExtensibilityGlobals) = postSolution
		SolutionGuid = {DF2A7942-1591-44E8-B531-4EBCDBCF5359}
	EndGlobalSection
EndGlobal
